
Microsoft Visual Studio Solution File, Format Version 12.00
# Visual Studio Version 17
VisualStudioVersion = 17.4.33103.184
MinimumVisualStudioVersion = 10.0.40219.1
Project("{9A19103F-16F7-4668-BE54-9A1E7A4F7556}") = "BulkyBookWeb", "BulkyBookWeb\BulkyBookWeb.csproj", "{13272E36-548E-4565-8D03-D48636981701}"
EndProject
Project("{FAE04EC0-301F-11D3-BF4B-00C04F79EFBC}") = "BulkyBookWeb.Tests", "BulkyBookWeb.Tests\BulkyBookWeb.Tests.csproj", "{02347DEF-F084-4D6C-A447-71FA323A40EA}"
EndProject
Global
	GlobalSection(SolutionConfigurationPlatforms) = preSolution
		Debug|Any CPU = Debug|Any CPU
		Release|Any CPU = Release|Any CPU
	EndGlobalSection
	GlobalSection(ProjectConfigurationPlatforms) = postSolution
		{13272E36-548E-4565-8D03-D48636981701}.Debug|Any CPU.ActiveCfg = Debug|Any CPU
		{13272E36-548E-4565-8D03-D48636981701}.Debug|Any CPU.Build.0 = Debug|Any CPU
		{13272E36-548E-4565-8D03-D48636981701}.Release|Any CPU.ActiveCfg = Release|Any CPU
		{13272E36-548E-4565-8D03-D48636981701}.Release|Any CPU.Build.0 = Release|Any CPU
		{02347DEF-F084-4D6C-A447-71FA323A40EA}.Debug|Any CPU.ActiveCfg = Debug|Any CPU
		{02347DEF-F084-4D6C-A447-71FA323A40EA}.Debug|Any CPU.Build.0 = Debug|Any CPU
		{02347DEF-F084-4D6C-A447-71FA323A40EA}.Release|Any CPU.ActiveCfg = Release|Any CPU
		{02347DEF-F084-4D6C-A447-71FA323A40EA}.Release|Any CPU.Build.0 = Release|Any CPU
	EndGlobalSection
	GlobalSection(SolutionProperties) = preSolution
		HideSolutionNode = FALSE
	EndGlobalSection
	GlobalSection(ExtensibilityGlobals) = postSolution
		SolutionGuid = {AEA0489F-6192-4D59-B737-7FB348FC0007}
	EndGlobalSection
EndGlobal
